// !$*UTF8*$!
{
	archiveVersion = 1;
	classes = {
	};
	objectVersion = 56;
	objects = {

/* Begin PBXBuildFile section */
		B45595872A48E4E3009D8AE7 /* Restaurant.swift in Sources */ = {isa = PBXBuildFile; fileRef = B45595862A48E4E3009D8AE7 /* Restaurant.swift */; };
		B45595892A48E52E009D8AE7 /* RestaurantList.swift in Sources */ = {isa = PBXBuildFile; fileRef = B45595882A48E52E009D8AE7 /* RestaurantList.swift */; };
		B4683FF02A474A2A0099A2AD /* CoreLocation.framework in Frameworks */ = {isa = PBXBuildFile; fileRef = B4683FEF2A474A2A0099A2AD /* CoreLocation.framework */; };
		B4683FF22A474D6E0099A2AD /* LocationManager.swift in Sources */ = {isa = PBXBuildFile; fileRef = B4683FF12A474D6E0099A2AD /* LocationManager.swift */; };
		B4F6DE9E2A45D6AB00EC9600 /* RestoPickApp.swift in Sources */ = {isa = PBXBuildFile; fileRef = B4F6DE9D2A45D6AB00EC9600 /* RestoPickApp.swift */; };
		B4F6DEA02A45D6AB00EC9600 /* ContentView.swift in Sources */ = {isa = PBXBuildFile; fileRef = B4F6DE9F2A45D6AB00EC9600 /* ContentView.swift */; };
		B4F6DEA22A45D6AD00EC9600 /* Assets.xcassets in Resources */ = {isa = PBXBuildFile; fileRef = B4F6DEA12A45D6AD00EC9600 /* Assets.xcassets */; };
		B4F6DEA52A45D6AD00EC9600 /* Preview Assets.xcassets in Resources */ = {isa = PBXBuildFile; fileRef = B4F6DEA42A45D6AD00EC9600 /* Preview Assets.xcassets */; };
		B4F6DEAC2A45D6CF00EC9600 /* URLRequset.swift in Sources */ = {isa = PBXBuildFile; fileRef = B4F6DEAB2A45D6CF00EC9600 /* URLRequset.swift */; };
		B4FBB5142A47633300433404 /* Home.swift in Sources */ = {isa = PBXBuildFile; fileRef = B4FBB5132A47633300433404 /* Home.swift */; };
		B4FBB5192A47680A00433404 /* RestoList.swift in Sources */ = {isa = PBXBuildFile; fileRef = B4FBB5182A47680A00433404 /* RestoList.swift */; };
		B4FBB51D2A488CF900433404 /* RestoView.swift in Sources */ = {isa = PBXBuildFile; fileRef = B4FBB51C2A488CF900433404 /* RestoView.swift */; };
		B4FBB51F2A488F6700433404 /* RestoListView.swift in Sources */ = {isa = PBXBuildFile; fileRef = B4FBB51E2A488F6700433404 /* RestoListView.swift */; };
/* End PBXBuildFile section */

/* Begin PBXFileReference section */
		B45595862A48E4E3009D8AE7 /* Restaurant.swift */ = {isa = PBXFileReference; lastKnownFileType = sourcecode.swift; path = Restaurant.swift; sourceTree = "<group>"; };
		B45595882A48E52E009D8AE7 /* RestaurantList.swift */ = {isa = PBXFileReference; lastKnownFileType = sourcecode.swift; path = RestaurantList.swift; sourceTree = "<group>"; };
		B4683FEF2A474A2A0099A2AD /* CoreLocation.framework */ = {isa = PBXFileReference; lastKnownFileType = wrapper.framework; name = CoreLocation.framework; path = System/Library/Frameworks/CoreLocation.framework; sourceTree = SDKROOT; };
		B4683FF12A474D6E0099A2AD /* LocationManager.swift */ = {isa = PBXFileReference; lastKnownFileType = sourcecode.swift; path = LocationManager.swift; sourceTree = "<group>"; };
		B4F6DE9A2A45D6AB00EC9600 /* RestoPick.app */ = {isa = PBXFileReference; explicitFileType = wrapper.application; includeInIndex = 0; path = RestoPick.app; sourceTree = BUILT_PRODUCTS_DIR; };
		B4F6DE9D2A45D6AB00EC9600 /* RestoPickApp.swift */ = {isa = PBXFileReference; lastKnownFileType = sourcecode.swift; path = RestoPickApp.swift; sourceTree = "<group>"; };
		B4F6DE9F2A45D6AB00EC9600 /* ContentView.swift */ = {isa = PBXFileReference; lastKnownFileType = sourcecode.swift; path = ContentView.swift; sourceTree = "<group>"; };
		B4F6DEA12A45D6AD00EC9600 /* Assets.xcassets */ = {isa = PBXFileReference; lastKnownFileType = folder.assetcatalog; path = Assets.xcassets; sourceTree = "<group>"; };
		B4F6DEA42A45D6AD00EC9600 /* Preview Assets.xcassets */ = {isa = PBXFileReference; lastKnownFileType = folder.assetcatalog; path = "Preview Assets.xcassets"; sourceTree = "<group>"; };
		B4F6DEAB2A45D6CF00EC9600 /* URLRequset.swift */ = {isa = PBXFileReference; lastKnownFileType = sourcecode.swift; path = URLRequset.swift; sourceTree = "<group>"; };
		B4FBB5132A47633300433404 /* Home.swift */ = {isa = PBXFileReference; lastKnownFileType = sourcecode.swift; path = Home.swift; sourceTree = "<group>"; };
		B4FBB5182A47680A00433404 /* RestoList.swift */ = {isa = PBXFileReference; lastKnownFileType = sourcecode.swift; path = RestoList.swift; sourceTree = "<group>"; };
		B4FBB51C2A488CF900433404 /* RestoView.swift */ = {isa = PBXFileReference; lastKnownFileType = sourcecode.swift; path = RestoView.swift; sourceTree = "<group>"; };
		B4FBB51E2A488F6700433404 /* RestoListView.swift */ = {isa = PBXFileReference; lastKnownFileType = sourcecode.swift; path = RestoListView.swift; sourceTree = "<group>"; };
/* End PBXFileReference section */

/* Begin PBXFrameworksBuildPhase section */
		B4F6DE972A45D6AB00EC9600 /* Frameworks */ = {
			isa = PBXFrameworksBuildPhase;
			buildActionMask = 2147483647;
			files = (
				B4683FF02A474A2A0099A2AD /* CoreLocation.framework in Frameworks */,
			);
			runOnlyForDeploymentPostprocessing = 0;
		};
/* End PBXFrameworksBuildPhase section */

/* Begin PBXGroup section */
		B45595852A48E4B8009D8AE7 /* Model */ = {
			isa = PBXGroup;
			children = (
				B45595862A48E4E3009D8AE7 /* Restaurant.swift */,
			);
			path = Model;
			sourceTree = "<group>";
		};
		B4683FEE2A474A2A0099A2AD /* Frameworks */ = {
			isa = PBXGroup;
			children = (
				B4683FEF2A474A2A0099A2AD /* CoreLocation.framework */,
			);
			name = Frameworks;
			sourceTree = "<group>";
		};
		B4F6DE912A45D6AB00EC9600 = {
			isa = PBXGroup;
			children = (
				B4F6DE9C2A45D6AB00EC9600 /* RestoPick */,
				B4F6DE9B2A45D6AB00EC9600 /* Products */,
				B4683FEE2A474A2A0099A2AD /* Frameworks */,
			);
			sourceTree = "<group>";
		};
		B4F6DE9B2A45D6AB00EC9600 /* Products */ = {
			isa = PBXGroup;
			children = (
				B4F6DE9A2A45D6AB00EC9600 /* RestoPick.app */,
			);
			name = Products;
			sourceTree = "<group>";
		};
		B4F6DE9C2A45D6AB00EC9600 /* RestoPick */ = {
			isa = PBXGroup;
			children = (
				B4F6DE9D2A45D6AB00EC9600 /* RestoPickApp.swift */,
				B4F6DE9F2A45D6AB00EC9600 /* ContentView.swift */,
				B45595852A48E4B8009D8AE7 /* Model */,
				B4FBB5172A47672B00433404 /* ViewModel */,
				B4FBB5152A4766EA00433404 /* View */,
				B4F6DEA12A45D6AD00EC9600 /* Assets.xcassets */,
				B4F6DEA32A45D6AD00EC9600 /* Preview Content */,
			);
			path = RestoPick;
			sourceTree = "<group>";
		};
		B4F6DEA32A45D6AD00EC9600 /* Preview Content */ = {
			isa = PBXGroup;
			children = (
				B4F6DEA42A45D6AD00EC9600 /* Preview Assets.xcassets */,
			);
			path = "Preview Content";
			sourceTree = "<group>";
		};
		B4FBB5152A4766EA00433404 /* View */ = {
			isa = PBXGroup;
			children = (
				B4FBB5132A47633300433404 /* Home.swift */,
				B4FBB51E2A488F6700433404 /* RestoListView.swift */,
				B4FBB51C2A488CF900433404 /* RestoView.swift */,
				B4FBB5182A47680A00433404 /* RestoList.swift */,
			);
			path = View;
			sourceTree = "<group>";
		};
		B4FBB5172A47672B00433404 /* ViewModel */ = {
			isa = PBXGroup;
			children = (
				B45595882A48E52E009D8AE7 /* RestaurantList.swift */,
				B4F6DEAB2A45D6CF00EC9600 /* URLRequset.swift */,
				B4683FF12A474D6E0099A2AD /* LocationManager.swift */,
			);
			path = ViewModel;
			sourceTree = "<group>";
		};
/* End PBXGroup section */

/* Begin PBXNativeTarget section */
		B4F6DE992A45D6AB00EC9600 /* RestoPick */ = {
			isa = PBXNativeTarget;
			buildConfigurationList = B4F6DEA82A45D6AD00EC9600 /* Build configuration list for PBXNativeTarget "RestoPick" */;
			buildPhases = (
				B4F6DE962A45D6AB00EC9600 /* Sources */,
				B4F6DE972A45D6AB00EC9600 /* Frameworks */,
				B4F6DE982A45D6AB00EC9600 /* Resources */,
			);
			buildRules = (
			);
			dependencies = (
			);
			name = RestoPick;
			productName = RestoPick;
			productReference = B4F6DE9A2A45D6AB00EC9600 /* RestoPick.app */;
			productType = "com.apple.product-type.application";
		};
/* End PBXNativeTarget section */

/* Begin PBXProject section */
		B4F6DE922A45D6AB00EC9600 /* Project object */ = {
			isa = PBXProject;
			attributes = {
				BuildIndependentTargetsInParallel = 1;
				LastSwiftUpdateCheck = 1430;
				LastUpgradeCheck = 1430;
				TargetAttributes = {
					B4F6DE992A45D6AB00EC9600 = {
						CreatedOnToolsVersion = 14.3.1;
					};
				};
			};
			buildConfigurationList = B4F6DE952A45D6AB00EC9600 /* Build configuration list for PBXProject "RestoPick" */;
			compatibilityVersion = "Xcode 14.0";
			developmentRegion = en;
			hasScannedForEncodings = 0;
			knownRegions = (
				en,
				Base,
			);
			mainGroup = B4F6DE912A45D6AB00EC9600;
			productRefGroup = B4F6DE9B2A45D6AB00EC9600 /* Products */;
			projectDirPath = "";
			projectRoot = "";
			targets = (
				B4F6DE992A45D6AB00EC9600 /* RestoPick */,
			);
		};
/* End PBXProject section */

/* Begin PBXResourcesBuildPhase section */
		B4F6DE982A45D6AB00EC9600 /* Resources */ = {
			isa = PBXResourcesBuildPhase;
			buildActionMask = 2147483647;
			files = (
				B4F6DEA52A45D6AD00EC9600 /* Preview Assets.xcassets in Resources */,
				B4F6DEA22A45D6AD00EC9600 /* Assets.xcassets in Resources */,
			);
			runOnlyForDeploymentPostprocessing = 0;
		};
/* End PBXResourcesBuildPhase section */

/* Begin PBXSourcesBuildPhase section */
		B4F6DE962A45D6AB00EC9600 /* Sources */ = {
			isa = PBXSourcesBuildPhase;
			buildActionMask = 2147483647;
			files = (
				B4683FF22A474D6E0099A2AD /* LocationManager.swift in Sources */,
				B45595892A48E52E009D8AE7 /* RestaurantList.swift in Sources */,
				B4F6DEA02A45D6AB00EC9600 /* ContentView.swift in Sources */,
				B4FBB51F2A488F6700433404 /* RestoListView.swift in Sources */,
				B4FBB51D2A488CF900433404 /* RestoView.swift in Sources */,
				B4FBB5142A47633300433404 /* Home.swift in Sources */,
				B45595872A48E4E3009D8AE7 /* Restaurant.swift in Sources */,
				B4F6DEAC2A45D6CF00EC9600 /* URLRequset.swift in Sources */,
				B4F6DE9E2A45D6AB00EC9600 /* RestoPickApp.swift in Sources */,
				B4FBB5192A47680A00433404 /* RestoList.swift in Sources */,
			);
			runOnlyForDeploymentPostprocessing = 0;
		};
/* End PBXSourcesBuildPhase section */

/* Begin XCBuildConfiguration section */
		B4F6DEA62A45D6AD00EC9600 /* Debug */ = {
			isa = XCBuildConfiguration;
			buildSettings = {
				ALWAYS_SEARCH_USER_PATHS = NO;
				CLANG_ANALYZER_NONNULL = YES;
				CLANG_ANALYZER_NUMBER_OBJECT_CONVERSION = YES_AGGRESSIVE;
				CLANG_CXX_LANGUAGE_STANDARD = "gnu++20";
				CLANG_ENABLE_MODULES = YES;
				CLANG_ENABLE_OBJC_ARC = YES;
				CLANG_ENABLE_OBJC_WEAK = YES;
				CLANG_WARN_BLOCK_CAPTURE_AUTORELEASING = YES;
				CLANG_WARN_BOOL_CONVERSION = YES;
				CLANG_WARN_COMMA = YES;
				CLANG_WARN_CONSTANT_CONVERSION = YES;
				CLANG_WARN_DEPRECATED_OBJC_IMPLEMENTATIONS = YES;
				CLANG_WARN_DIRECT_OBJC_ISA_USAGE = YES_ERROR;
				CLANG_WARN_DOCUMENTATION_COMMENTS = YES;
				CLANG_WARN_EMPTY_BODY = YES;
				CLANG_WARN_ENUM_CONVERSION = YES;
				CLANG_WARN_INFINITE_RECURSION = YES;
				CLANG_WARN_INT_CONVERSION = YES;
				CLANG_WARN_NON_LITERAL_NULL_CONVERSION = YES;
				CLANG_WARN_OBJC_IMPLICIT_RETAIN_SELF = YES;
				CLANG_WARN_OBJC_LITERAL_CONVERSION = YES;
				CLANG_WARN_OBJC_ROOT_CLASS = YES_ERROR;
				CLANG_WARN_QUOTED_INCLUDE_IN_FRAMEWORK_HEADER = YES;
				CLANG_WARN_RANGE_LOOP_ANALYSIS = YES;
				CLANG_WARN_STRICT_PROTOTYPES = YES;
				CLANG_WARN_SUSPICIOUS_MOVE = YES;
				CLANG_WARN_UNGUARDED_AVAILABILITY = YES_AGGRESSIVE;
				CLANG_WARN_UNREACHABLE_CODE = YES;
				CLANG_WARN__DUPLICATE_METHOD_MATCH = YES;
				COPY_PHASE_STRIP = NO;
				DEBUG_INFORMATION_FORMAT = dwarf;
				ENABLE_STRICT_OBJC_MSGSEND = YES;
				ENABLE_TESTABILITY = YES;
				GCC_C_LANGUAGE_STANDARD = gnu11;
				GCC_DYNAMIC_NO_PIC = NO;
				GCC_NO_COMMON_BLOCKS = YES;
				GCC_OPTIMIZATION_LEVEL = 0;
				GCC_PREPROCESSOR_DEFINITIONS = (
					"DEBUG=1",
					"$(inherited)",
				);
				GCC_WARN_64_TO_32_BIT_CONVERSION = YES;
				GCC_WARN_ABOUT_RETURN_TYPE = YES_ERROR;
				GCC_WARN_UNDECLARED_SELECTOR = YES;
				GCC_WARN_UNINITIALIZED_AUTOS = YES_AGGRESSIVE;
				GCC_WARN_UNUSED_FUNCTION = YES;
				GCC_WARN_UNUSED_VARIABLE = YES;
				IPHONEOS_DEPLOYMENT_TARGET = 16.4;
				MTL_ENABLE_DEBUG_INFO = INCLUDE_SOURCE;
				MTL_FAST_MATH = YES;
				ONLY_ACTIVE_ARCH = YES;
				SDKROOT = iphoneos;
				SWIFT_ACTIVE_COMPILATION_CONDITIONS = DEBUG;
				SWIFT_OPTIMIZATION_LEVEL = "-Onone";
			};
			name = Debug;
		};
		B4F6DEA72A45D6AD00EC9600 /* Release */ = {
			isa = XCBuildConfiguration;
			buildSettings = {
				ALWAYS_SEARCH_USER_PATHS = NO;
				CLANG_ANALYZER_NONNULL = YES;
				CLANG_ANALYZER_NUMBER_OBJECT_CONVERSION = YES_AGGRESSIVE;
				CLANG_CXX_LANGUAGE_STANDARD = "gnu++20";
				CLANG_ENABLE_MODULES = YES;
				CLANG_ENABLE_OBJC_ARC = YES;
				CLANG_ENABLE_OBJC_WEAK = YES;
				CLANG_WARN_BLOCK_CAPTURE_AUTORELEASING = YES;
				CLANG_WARN_BOOL_CONVERSION = YES;
				CLANG_WARN_COMMA = YES;
				CLANG_WARN_CONSTANT_CONVERSION = YES;
				CLANG_WARN_DEPRECATED_OBJC_IMPLEMENTATIONS = YES;
				CLANG_WARN_DIRECT_OBJC_ISA_USAGE = YES_ERROR;
				CLANG_WARN_DOCUMENTATION_COMMENTS = YES;
				CLANG_WARN_EMPTY_BODY = YES;
				CLANG_WARN_ENUM_CONVERSION = YES;
				CLANG_WARN_INFINITE_RECURSION = YES;
				CLANG_WARN_INT_CONVERSION = YES;
				CLANG_WARN_NON_LITERAL_NULL_CONVERSION = YES;
				CLANG_WARN_OBJC_IMPLICIT_RETAIN_SELF = YES;
				CLANG_WARN_OBJC_LITERAL_CONVERSION = YES;
				CLANG_WARN_OBJC_ROOT_CLASS = YES_ERROR;
				CLANG_WARN_QUOTED_INCLUDE_IN_FRAMEWORK_HEADER = YES;
				CLANG_WARN_RANGE_LOOP_ANALYSIS = YES;
				CLANG_WARN_STRICT_PROTOTYPES = YES;
				CLANG_WARN_SUSPICIOUS_MOVE = YES;
				CLANG_WARN_UNGUARDED_AVAILABILITY = YES_AGGRESSIVE;
				CLANG_WARN_UNREACHABLE_CODE = YES;
				CLANG_WARN__DUPLICATE_METHOD_MATCH = YES;
				COPY_PHASE_STRIP = NO;
				DEBUG_INFORMATION_FORMAT = "dwarf-with-dsym";
				ENABLE_NS_ASSERTIONS = NO;
				ENABLE_STRICT_OBJC_MSGSEND = YES;
				GCC_C_LANGUAGE_STANDARD = gnu11;
				GCC_NO_COMMON_BLOCKS = YES;
				GCC_WARN_64_TO_32_BIT_CONVERSION = YES;
				GCC_WARN_ABOUT_RETURN_TYPE = YES_ERROR;
				GCC_WARN_UNDECLARED_SELECTOR = YES;
				GCC_WARN_UNINITIALIZED_AUTOS = YES_AGGRESSIVE;
				GCC_WARN_UNUSED_FUNCTION = YES;
				GCC_WARN_UNUSED_VARIABLE = YES;
				IPHONEOS_DEPLOYMENT_TARGET = 16.4;
				MTL_ENABLE_DEBUG_INFO = NO;
				MTL_FAST_MATH = YES;
				SDKROOT = iphoneos;
				SWIFT_COMPILATION_MODE = wholemodule;
				SWIFT_OPTIMIZATION_LEVEL = "-O";
				VALIDATE_PRODUCT = YES;
			};
			name = Release;
		};
		B4F6DEA92A45D6AD00EC9600 /* Debug */ = {
			isa = XCBuildConfiguration;
			buildSettings = {
				ASSETCATALOG_COMPILER_APPICON_NAME = AppIcon;
				ASSETCATALOG_COMPILER_GLOBAL_ACCENT_COLOR_NAME = AccentColor;
				CODE_SIGN_STYLE = Automatic;
				CURRENT_PROJECT_VERSION = 1;
				DEVELOPMENT_ASSET_PATHS = "\"RestoPick/Preview Content\"";
				DEVELOPMENT_TEAM = L3JN6ASK5J;
				ENABLE_PREVIEWS = YES;
				GENERATE_INFOPLIST_FILE = YES;
				INFOPLIST_KEY_NSLocationWhenInUseUsageDescription = "Need Location ";
				INFOPLIST_KEY_UIApplicationSceneManifest_Generation = YES;
				INFOPLIST_KEY_UIApplicationSupportsIndirectInputEvents = YES;
				INFOPLIST_KEY_UILaunchScreen_Generation = YES;
				INFOPLIST_KEY_UISupportedInterfaceOrientations_iPad = "UIInterfaceOrientationPortrait UIInterfaceOrientationPortraitUpsideDown UIInterfaceOrientationLandscapeLeft UIInterfaceOrientationLandscapeRight";
				INFOPLIST_KEY_UISupportedInterfaceOrientations_iPhone = "UIInterfaceOrientationPortrait UIInterfaceOrientationLandscapeLeft UIInterfaceOrientationLandscapeRight";
				LD_RUNPATH_SEARCH_PATHS = (
					"$(inherited)",
					"@executable_path/Frameworks",
				);
				MARKETING_VERSION = 1.0;
				PRODUCT_BUNDLE_IDENTIFIER = lizhi110123.RestoPick;
				PRODUCT_NAME = "$(TARGET_NAME)";
				SWIFT_EMIT_LOC_STRINGS = YES;
				SWIFT_VERSION = 5.0;
				TARGETED_DEVICE_FAMILY = "1,2";
			};
			name = Debug;
		};
		B4F6DEAA2A45D6AD00EC9600 /* Release */ = {
			isa = XCBuildConfiguration;
			buildSettings = {
				ASSETCATALOG_COMPILER_APPICON_NAME = AppIcon;
				ASSETCATALOG_COMPILER_GLOBAL_ACCENT_COLOR_NAME = AccentColor;
				CODE_SIGN_STYLE = Automatic;
				CURRENT_PROJECT_VERSION = 1;
				DEVELOPMENT_ASSET_PATHS = "\"RestoPick/Preview Content\"";
				DEVELOPMENT_TEAM = L3JN6ASK5J;
				ENABLE_PREVIEWS = YES;
				GENERATE_INFOPLIST_FILE = YES;
				INFOPLIST_KEY_NSLocationWhenInUseUsageDescription = "Need Location ";
				INFOPLIST_KEY_UIApplicationSceneManifest_Generation = YES;
				INFOPLIST_KEY_UIApplicationSupportsIndirectInputEvents = YES;
				INFOPLIST_KEY_UILaunchScreen_Generation = YES;
				INFOPLIST_KEY_UISupportedInterfaceOrientations_iPad = "UIInterfaceOrientationPortrait UIInterfaceOrientationPortraitUpsideDown UIInterfaceOrientationLandscapeLeft UIInterfaceOrientationLandscapeRight";
				INFOPLIST_KEY_UISupportedInterfaceOrientations_iPhone = "UIInterfaceOrientationPortrait UIInterfaceOrientationLandscapeLeft UIInterfaceOrientationLandscapeRight";
				LD_RUNPATH_SEARCH_PATHS = (
					"$(inherited)",
					"@executable_path/Frameworks",
				);
				MARKETING_VERSION = 1.0;
				PRODUCT_BUNDLE_IDENTIFIER = lizhi110123.RestoPick;
				PRODUCT_NAME = "$(TARGET_NAME)";
				SWIFT_EMIT_LOC_STRINGS = YES;
				SWIFT_VERSION = 5.0;
				TARGETED_DEVICE_FAMILY = "1,2";
			};
			name = Release;
		};
/* End XCBuildConfiguration section */

/* Begin XCConfigurationList section */
		B4F6DE952A45D6AB00EC9600 /* Build configuration list for PBXProject "RestoPick" */ = {
			isa = XCConfigurationList;
			buildConfigurations = (
				B4F6DEA62A45D6AD00EC9600 /* Debug */,
				B4F6DEA72A45D6AD00EC9600 /* Release */,
			);
			defaultConfigurationIsVisible = 0;
			defaultConfigurationName = Release;
		};
		B4F6DEA82A45D6AD00EC9600 /* Build configuration list for PBXNativeTarget "RestoPick" */ = {
			isa = XCConfigurationList;
			buildConfigurations = (
				B4F6DEA92A45D6AD00EC9600 /* Debug */,
				B4F6DEAA2A45D6AD00EC9600 /* Release */,
			);
			defaultConfigurationIsVisible = 0;
			defaultConfigurationName = Release;
		};
/* End XCConfigurationList section */
	};
	rootObject = B4F6DE922A45D6AB00EC9600 /* Project object */;
}
